
Microsoft Visual Studio Solution File, Format Version 12.00
# Visual Studio Version 16
VisualStudioVersion = 16.0.29709.97
MinimumVisualStudioVersion = 10.0.40219.1
Project("{FAE04EC0-301F-11D3-BF4B-00C04F79EFBC}") = "EstructuraControl", "EstructuraControl.csproj", "{B1DE0DB3-91C0-42E5-9E6D-EDCC15FC751A}"
EndProject
Global
	GlobalSection(SolutionConfigurationPlatforms) = preSolution
		Debug|Any CPU = Debug|Any CPU
		Release|Any CPU = Release|Any CPU
	EndGlobalSection
	GlobalSection(ProjectConfigurationPlatforms) = postSolution
		{B1DE0DB3-91C0-42E5-9E6D-EDCC15FC751A}.Debug|Any CPU.ActiveCfg = Debug|Any CPU
		{B1DE0DB3-91C0-42E5-9E6D-EDCC15FC751A}.Debug|Any CPU.Build.0 = Debug|Any CPU
		{B1DE0DB3-91C0-42E5-9E6D-EDCC15FC751A}.Release|Any CPU.ActiveCfg = Release|Any CPU
		{B1DE0DB3-91C0-42E5-9E6D-EDCC15FC751A}.Release|Any CPU.Build.0 = Release|Any CPU
	EndGlobalSection
	GlobalSection(SolutionProperties) = preSolution
		HideSolutionNode = FALSE
	EndGlobalSection
	GlobalSection(ExtensibilityGlobals) = postSolution
		SolutionGuid = {B91C3055-55CE-4D59-8A5C-1572E215BEE0}
	EndGlobalSection
EndGlobal
