
Microsoft Visual Studio Solution File, Format Version 12.00
# Visual Studio Version 16
VisualStudioVersion = 16.0.29709.97
MinimumVisualStudioVersion = 10.0.40219.1
Project("{FAE04EC0-301F-11D3-BF4B-00C04F79EFBC}") = "CondicionesCompuestas", "CondicionesCompuestas.csproj", "{15B7B5DA-876D-4B46-94E5-8A3678356D47}"
EndProject
Global
	GlobalSection(SolutionConfigurationPlatforms) = preSolution
		Debug|Any CPU = Debug|Any CPU
		Release|Any CPU = Release|Any CPU
	EndGlobalSection
	GlobalSection(ProjectConfigurationPlatforms) = postSolution
		{15B7B5DA-876D-4B46-94E5-8A3678356D47}.Debug|Any CPU.ActiveCfg = Debug|Any CPU
		{15B7B5DA-876D-4B46-94E5-8A3678356D47}.Debug|Any CPU.Build.0 = Debug|Any CPU
		{15B7B5DA-876D-4B46-94E5-8A3678356D47}.Release|Any CPU.ActiveCfg = Release|Any CPU
		{15B7B5DA-876D-4B46-94E5-8A3678356D47}.Release|Any CPU.Build.0 = Release|Any CPU
	EndGlobalSection
	GlobalSection(SolutionProperties) = preSolution
		HideSolutionNode = FALSE
	EndGlobalSection
	GlobalSection(ExtensibilityGlobals) = postSolution
		SolutionGuid = {7F4BA583-D28D-48CF-96AA-07FAD41F8637}
	EndGlobalSection
EndGlobal
